
Microsoft Visual Studio Solution File, Format Version 12.00
# Visual Studio Version 17
VisualStudioVersion = 17.9.34728.123
MinimumVisualStudioVersion = 10.0.40219.1
Project("{FAE04EC0-301F-11D3-BF4B-00C04F79EFBC}") = "1.BinarySearch", "1.BinarySearch\1.BinarySearch.csproj", "{6B9FDE23-6595-44D3-929B-6B00E290F431}"
EndProject
Project("{FAE04EC0-301F-11D3-BF4B-00C04F79EFBC}") = "2.BubbleSort", "2.BubleSort\2.BubbleSort.csproj", "{45E586CF-3907-4A17-A7C4-7B7FAC149761}"
EndProject
Project("{FAE04EC0-301F-11D3-BF4B-00C04F79EFBC}") = "2.SelectionSort", "2.SelectionSort\2.SelectionSort.csproj", "{77E297AC-98FF-46AD-ABC4-1C9BAE3B2514}"
EndProject
Global
	GlobalSection(SolutionConfigurationPlatforms) = preSolution
		Debug|Any CPU = Debug|Any CPU
		Release|Any CPU = Release|Any CPU
	EndGlobalSection
	GlobalSection(ProjectConfigurationPlatforms) = postSolution
		{6B9FDE23-6595-44D3-929B-6B00E290F431}.Debug|Any CPU.ActiveCfg = Debug|Any CPU
		{6B9FDE23-6595-44D3-929B-6B00E290F431}.Debug|Any CPU.Build.0 = Debug|Any CPU
		{6B9FDE23-6595-44D3-929B-6B00E290F431}.Release|Any CPU.ActiveCfg = Release|Any CPU
		{6B9FDE23-6595-44D3-929B-6B00E290F431}.Release|Any CPU.Build.0 = Release|Any CPU
		{45E586CF-3907-4A17-A7C4-7B7FAC149761}.Debug|Any CPU.ActiveCfg = Debug|Any CPU
		{45E586CF-3907-4A17-A7C4-7B7FAC149761}.Debug|Any CPU.Build.0 = Debug|Any CPU
		{45E586CF-3907-4A17-A7C4-7B7FAC149761}.Release|Any CPU.ActiveCfg = Release|Any CPU
		{45E586CF-3907-4A17-A7C4-7B7FAC149761}.Release|Any CPU.Build.0 = Release|Any CPU
		{77E297AC-98FF-46AD-ABC4-1C9BAE3B2514}.Debug|Any CPU.ActiveCfg = Debug|Any CPU
		{77E297AC-98FF-46AD-ABC4-1C9BAE3B2514}.Debug|Any CPU.Build.0 = Debug|Any CPU
		{77E297AC-98FF-46AD-ABC4-1C9BAE3B2514}.Release|Any CPU.ActiveCfg = Release|Any CPU
		{77E297AC-98FF-46AD-ABC4-1C9BAE3B2514}.Release|Any CPU.Build.0 = Release|Any CPU
	EndGlobalSection
	GlobalSection(SolutionProperties) = preSolution
		HideSolutionNode = FALSE
	EndGlobalSection
	GlobalSection(ExtensibilityGlobals) = postSolution
		SolutionGuid = {1CA36B6D-3F91-4EC8-A772-4AF56A1D4E38}
	EndGlobalSection
EndGlobal
